{
  "name": "nowplaying",
  "lockfileVersion": 2,
  "requires": true,
  "packages": {
    "": {
      "name": "nowplaying",
      "dependencies": {
        "libsql": "^0.1.34"
      },
      "devDependencies": {
        "bun-types": "latest"
      },
      "peerDependencies": {
        "typescript": "^5.0.0"
      }
    },
    "node_modules/@libsql/darwin-arm64": {
      "version": "0.1.34",
      "resolved": "https://registry.npmjs.org/@libsql/darwin-arm64/-/darwin-arm64-0.1.34.tgz",
      "integrity": "sha512-Wv8jvkj/fUAO8DF3A4HaddCMldUUpKcg/WW1sY95FNsSHOxktyxqU80jAp/tCuZ85GQIJozvgSr51/ARIC0gsw==",
      "cpu": [
        "arm64"
      ],
      "optional": true,
      "os": [
        "darwin"
      ]
    },
    "node_modules/@libsql/darwin-x64": {
      "version": "0.1.34",
      "resolved": "https://registry.npmjs.org/@libsql/darwin-x64/-/darwin-x64-0.1.34.tgz",
      "integrity": "sha512-2NQXD9nUzC08hg7FdcZLq5uTEwGz1KbD7YvUzQb/psO1lO/E/p83wl1es1082+Pp0z5pSPDWQeRTuccD41L+3w==",
      "cpu": [
        "x64"
      ],
      "optional": true,
      "os": [
        "darwin"
      ]
    },
    "node_modules/@libsql/linux-arm64-gnu": {
      "version": "0.1.34",
      "resolved": "https://registry.npmjs.org/@libsql/linux-arm64-gnu/-/linux-arm64-gnu-0.1.34.tgz",
      "integrity": "sha512-r3dY1FDYZ7eX5HX7HyAoYSqK5FPugj5NSB5Bt/nz+ygBWdXASgSKxkE/RqjJIM59vXwv300iJX9qhR5fXv8sTw==",
      "cpu": [
        "arm64"
      ],
      "optional": true,
      "os": [
        "linux"
      ]
    },
    "node_modules/@libsql/linux-arm64-musl": {
      "version": "0.1.34",
      "resolved": "https://registry.npmjs.org/@libsql/linux-arm64-musl/-/linux-arm64-musl-0.1.34.tgz",
      "integrity": "sha512-9AE/eNb9eQRcNsLxqtpLJxVEoIMmItrdwqJDImPJtOp10rhp4U0x/9RGKerl9Mg3ObVj676pyhAR2KzyudrOfQ==",
      "cpu": [
        "arm64"
      ],
      "optional": true,
      "os": [
        "linux"
      ]
    },
    "node_modules/@libsql/linux-x64-gnu": {
      "version": "0.1.34",
      "resolved": "https://registry.npmjs.org/@libsql/linux-x64-gnu/-/linux-x64-gnu-0.1.34.tgz",
      "integrity": "sha512-o8toY1Txstjt13fBhZbFe8sNAW6OaS6qVcp1Bd6bHkCLSBLZ6pjJmwzQN8rFv9QFBPAnaKP3lI4vaOXXw7huTA==",
      "cpu": [
        "x64"
      ],
      "optional": true,
      "os": [
        "linux"
      ]
    },
    "node_modules/@libsql/linux-x64-musl": {
      "version": "0.1.34",
      "resolved": "https://registry.npmjs.org/@libsql/linux-x64-musl/-/linux-x64-musl-0.1.34.tgz",
      "integrity": "sha512-EldEmcAxxNPSCjJ73oFxg81PDDIpDbPqK/QOrhmmGYLvYwrnQtVRUIbARf80JQvcy6bCxOO/Q9dh6wGhnyHyYA==",
      "cpu": [
        "x64"
      ],
      "optional": true,
      "os": [
        "linux"
      ]
    },
    "node_modules/@libsql/win32-x64-msvc": {
      "version": "0.1.34",
      "resolved": "https://registry.npmjs.org/@libsql/win32-x64-msvc/-/win32-x64-msvc-0.1.34.tgz",
      "integrity": "sha512-jnv0qfVMnrVv00r+wUOe6DHrHuao9y1w1lN543cV2J1JdQNJT/eSZzhyZFSlS3T2ZUvXfZfZ5GeL8U18IAID6w==",
      "cpu": [
        "x64"
      ],
      "optional": true,
      "os": [
        "win32"
      ]
    },
    "node_modules/@neon-rs/load": {
      "version": "0.0.4",
      "resolved": "https://registry.npmjs.org/@neon-rs/load/-/load-0.0.4.tgz",
      "integrity": "sha512-kTPhdZyTQxB+2wpiRcFWrDcejc4JI6tkPuS7UZCG4l6Zvc5kU/gGQ/ozvHTh1XR5tS+UlfAfGuPajjzQjCiHCw=="
    },
    "node_modules/bun-types": {
      "version": "1.0.10",
      "resolved": "https://registry.npmjs.org/bun-types/-/bun-types-1.0.10.tgz",
      "integrity": "sha512-VqMF3Hcbycz2vtPYbtYwj2gkMUgbtNwXfUuH1rjF6a2Ix31GsT72VFFaJ95ce7mP9xJTm4nzjH028XyY+ez08A==",
      "dev": true
    },
    "node_modules/detect-libc": {
      "version": "2.0.2",
      "resolved": "https://registry.npmjs.org/detect-libc/-/detect-libc-2.0.2.tgz",
      "integrity": "sha512-UX6sGumvvqSaXgdKGUsgZWqcUyIXZ/vZTrlRT/iobiKhGL0zL4d3osHj3uqllWJK+i+sixDS/3COVEOFbupFyw==",
      "engines": {
        "node": ">=8"
      }
    },
    "node_modules/libsql": {
      "version": "0.1.34",
      "resolved": "https://registry.npmjs.org/libsql/-/libsql-0.1.34.tgz",
      "integrity": "sha512-LGofp7z7gi1Td6vu2GxaA4WyvSPEkuFn0f/ePSti1TsAlBU0LWxdk+bj9D8nqswzxiqe5wpAyTLhVzTIYSyXEA==",
      "cpu": [
        "x64",
        "arm64"
      ],
      "os": [
        "darwin",
        "linux",
        "win32"
      ],
      "dependencies": {
        "@neon-rs/load": "^0.0.4",
        "detect-libc": "2.0.2"
      },
      "optionalDependencies": {
        "@libsql/darwin-arm64": "0.1.34",
        "@libsql/darwin-x64": "0.1.34",
        "@libsql/linux-arm64-gnu": "0.1.34",
        "@libsql/linux-arm64-musl": "0.1.34",
        "@libsql/linux-x64-gnu": "0.1.34",
        "@libsql/linux-x64-musl": "0.1.34",
        "@libsql/win32-x64-msvc": "0.1.34"
      }
    },
    "node_modules/typescript": {
      "version": "5.2.2",
      "resolved": "https://registry.npmjs.org/typescript/-/typescript-5.2.2.tgz",
      "integrity": "sha512-mI4WrpHsbCIcwT9cF4FZvr80QUeKvsUsUvKDoR+X/7XHQH98xYD8YHZg7ANtz2GtZt/CBq2QJ0thkGJMHfqc1w==",
      "peer": true,
      "bin": {
        "tsc": "bin/tsc",
        "tsserver": "bin/tsserver"
      },
      "engines": {
        "node": ">=14.17"
      }
    }
  },
  "dependencies": {
    "@libsql/darwin-arm64": {
      "version": "0.1.34",
      "resolved": "https://registry.npmjs.org/@libsql/darwin-arm64/-/darwin-arm64-0.1.34.tgz",
      "integrity": "sha512-Wv8jvkj/fUAO8DF3A4HaddCMldUUpKcg/WW1sY95FNsSHOxktyxqU80jAp/tCuZ85GQIJozvgSr51/ARIC0gsw==",
      "optional": true
    },
    "@libsql/darwin-x64": {
      "version": "0.1.34",
      "resolved": "https://registry.npmjs.org/@libsql/darwin-x64/-/darwin-x64-0.1.34.tgz",
      "integrity": "sha512-2NQXD9nUzC08hg7FdcZLq5uTEwGz1KbD7YvUzQb/psO1lO/E/p83wl1es1082+Pp0z5pSPDWQeRTuccD41L+3w==",
      "optional": true
    },
    "@libsql/linux-arm64-gnu": {
      "version": "0.1.34",
      "resolved": "https://registry.npmjs.org/@libsql/linux-arm64-gnu/-/linux-arm64-gnu-0.1.34.tgz",
      "integrity": "sha512-r3dY1FDYZ7eX5HX7HyAoYSqK5FPugj5NSB5Bt/nz+ygBWdXASgSKxkE/RqjJIM59vXwv300iJX9qhR5fXv8sTw==",
      "optional": true
    },
    "@libsql/linux-arm64-musl": {
      "version": "0.1.34",
      "resolved": "https://registry.npmjs.org/@libsql/linux-arm64-musl/-/linux-arm64-musl-0.1.34.tgz",
      "integrity": "sha512-9AE/eNb9eQRcNsLxqtpLJxVEoIMmItrdwqJDImPJtOp10rhp4U0x/9RGKerl9Mg3ObVj676pyhAR2KzyudrOfQ==",
      "optional": true
    },
    "@libsql/linux-x64-gnu": {
      "version": "0.1.34",
      "resolved": "https://registry.npmjs.org/@libsql/linux-x64-gnu/-/linux-x64-gnu-0.1.34.tgz",
      "integrity": "sha512-o8toY1Txstjt13fBhZbFe8sNAW6OaS6qVcp1Bd6bHkCLSBLZ6pjJmwzQN8rFv9QFBPAnaKP3lI4vaOXXw7huTA==",
      "optional": true
    },
    "@libsql/linux-x64-musl": {
      "version": "0.1.34",
      "resolved": "https://registry.npmjs.org/@libsql/linux-x64-musl/-/linux-x64-musl-0.1.34.tgz",
      "integrity": "sha512-EldEmcAxxNPSCjJ73oFxg81PDDIpDbPqK/QOrhmmGYLvYwrnQtVRUIbARf80JQvcy6bCxOO/Q9dh6wGhnyHyYA==",
      "optional": true
    },
    "@libsql/win32-x64-msvc": {
      "version": "0.1.34",
      "resolved": "https://registry.npmjs.org/@libsql/win32-x64-msvc/-/win32-x64-msvc-0.1.34.tgz",
      "integrity": "sha512-jnv0qfVMnrVv00r+wUOe6DHrHuao9y1w1lN543cV2J1JdQNJT/eSZzhyZFSlS3T2ZUvXfZfZ5GeL8U18IAID6w==",
      "optional": true
    },
    "@neon-rs/load": {
      "version": "0.0.4",
      "resolved": "https://registry.npmjs.org/@neon-rs/load/-/load-0.0.4.tgz",
      "integrity": "sha512-kTPhdZyTQxB+2wpiRcFWrDcejc4JI6tkPuS7UZCG4l6Zvc5kU/gGQ/ozvHTh1XR5tS+UlfAfGuPajjzQjCiHCw=="
    },
    "bun-types": {
      "version": "1.0.10",
      "resolved": "https://registry.npmjs.org/bun-types/-/bun-types-1.0.10.tgz",
      "integrity": "sha512-VqMF3Hcbycz2vtPYbtYwj2gkMUgbtNwXfUuH1rjF6a2Ix31GsT72VFFaJ95ce7mP9xJTm4nzjH028XyY+ez08A==",
      "dev": true
    },
    "detect-libc": {
      "version": "2.0.2",
      "resolved": "https://registry.npmjs.org/detect-libc/-/detect-libc-2.0.2.tgz",
      "integrity": "sha512-UX6sGumvvqSaXgdKGUsgZWqcUyIXZ/vZTrlRT/iobiKhGL0zL4d3osHj3uqllWJK+i+sixDS/3COVEOFbupFyw=="
    },
    "libsql": {
      "version": "0.1.34",
      "resolved": "https://registry.npmjs.org/libsql/-/libsql-0.1.34.tgz",
      "integrity": "sha512-LGofp7z7gi1Td6vu2GxaA4WyvSPEkuFn0f/ePSti1TsAlBU0LWxdk+bj9D8nqswzxiqe5wpAyTLhVzTIYSyXEA==",
      "requires": {
        "@libsql/darwin-arm64": "0.1.34",
        "@libsql/darwin-x64": "0.1.34",
        "@libsql/linux-arm64-gnu": "0.1.34",
        "@libsql/linux-arm64-musl": "0.1.34",
        "@libsql/linux-x64-gnu": "0.1.34",
        "@libsql/linux-x64-musl": "0.1.34",
        "@libsql/win32-x64-msvc": "0.1.34",
        "@neon-rs/load": "^0.0.4",
        "detect-libc": "2.0.2"
      }
    },
    "typescript": {
      "version": "5.2.2",
      "resolved": "https://registry.npmjs.org/typescript/-/typescript-5.2.2.tgz",
      "integrity": "sha512-mI4WrpHsbCIcwT9cF4FZvr80QUeKvsUsUvKDoR+X/7XHQH98xYD8YHZg7ANtz2GtZt/CBq2QJ0thkGJMHfqc1w==",
      "peer": true
    }
  }
}
